
Microsoft Visual Studio Solution File, Format Version 12.00
# Visual Studio Version 17
VisualStudioVersion = 17.6.33723.286
MinimumVisualStudioVersion = 10.0.40219.1
Project("{9A19103F-16F7-4668-BE54-9A1E7A4F7556}") = "BaGet", "BaGet\BaGet.csproj", "{6859E380-C688-456F-956C-478F56EA08EB}"
EndProject
Project("{9A19103F-16F7-4668-BE54-9A1E7A4F7556}") = "BaGet.Core", "BaGet.Core\BaGet.Core.csproj", "{8D72413D-4A54-490C-A649-91AE5945FF4C}"
EndProject
Project("{9A19103F-16F7-4668-BE54-9A1E7A4F7556}") = "BaGet.Protocol", "BaGet.Protocol\BaGet.Protocol.csproj", "{D9DE1F0D-1312-4789-851F-B5884ED1E8ED}"
EndProject
Project("{FAE04EC0-301F-11D3-BF4B-00C04F79EFBC}") = "BaGet.Database.MySql", "BaGet.Database.MySql\BaGet.Database.MySql.csproj", "{9559AF9B-64D0-4ADD-8A22-8C708B244442}"
EndProject
Global
	GlobalSection(SolutionConfigurationPlatforms) = preSolution
		Debug|Any CPU = Debug|Any CPU
		Release|Any CPU = Release|Any CPU
	EndGlobalSection
	GlobalSection(ProjectConfigurationPlatforms) = postSolution
		{6859E380-C688-456F-956C-478F56EA08EB}.Debug|Any CPU.ActiveCfg = Debug|Any CPU
		{6859E380-C688-456F-956C-478F56EA08EB}.Debug|Any CPU.Build.0 = Debug|Any CPU
		{6859E380-C688-456F-956C-478F56EA08EB}.Release|Any CPU.ActiveCfg = Release|Any CPU
		{6859E380-C688-456F-956C-478F56EA08EB}.Release|Any CPU.Build.0 = Release|Any CPU
		{8D72413D-4A54-490C-A649-91AE5945FF4C}.Debug|Any CPU.ActiveCfg = Debug|Any CPU
		{8D72413D-4A54-490C-A649-91AE5945FF4C}.Debug|Any CPU.Build.0 = Debug|Any CPU
		{8D72413D-4A54-490C-A649-91AE5945FF4C}.Release|Any CPU.ActiveCfg = Release|Any CPU
		{8D72413D-4A54-490C-A649-91AE5945FF4C}.Release|Any CPU.Build.0 = Release|Any CPU
		{D9DE1F0D-1312-4789-851F-B5884ED1E8ED}.Debug|Any CPU.ActiveCfg = Debug|Any CPU
		{D9DE1F0D-1312-4789-851F-B5884ED1E8ED}.Debug|Any CPU.Build.0 = Debug|Any CPU
		{D9DE1F0D-1312-4789-851F-B5884ED1E8ED}.Release|Any CPU.ActiveCfg = Release|Any CPU
		{D9DE1F0D-1312-4789-851F-B5884ED1E8ED}.Release|Any CPU.Build.0 = Release|Any CPU
		{9559AF9B-64D0-4ADD-8A22-8C708B244442}.Debug|Any CPU.ActiveCfg = Debug|Any CPU
		{9559AF9B-64D0-4ADD-8A22-8C708B244442}.Debug|Any CPU.Build.0 = Debug|Any CPU
		{9559AF9B-64D0-4ADD-8A22-8C708B244442}.Release|Any CPU.ActiveCfg = Release|Any CPU
		{9559AF9B-64D0-4ADD-8A22-8C708B244442}.Release|Any CPU.Build.0 = Release|Any CPU
	EndGlobalSection
	GlobalSection(SolutionProperties) = preSolution
		HideSolutionNode = FALSE
	EndGlobalSection
	GlobalSection(ExtensibilityGlobals) = postSolution
		SolutionGuid = {13657D1D-DA85-478E-B980-0E98793F6198}
	EndGlobalSection
EndGlobal
